// !$*UTF8*$!
{
	archiveVersion = 1;
	classes = {
	};
	objectVersion = 55;
	objects = {

/* Begin PBXBuildFile section */
		7B60C7792859500300DA91F3 /* TipViewController.m in Sources */ = {isa = PBXBuildFile; fileRef = 7B60C7782859500300DA91F3 /* TipViewController.m */; };
		7B6927A028594C5200D34CC3 /* AppDelegate.m in Sources */ = {isa = PBXBuildFile; fileRef = 7B69279F28594C5200D34CC3 /* AppDelegate.m */; };
		7B6927A328594C5200D34CC3 /* SceneDelegate.m in Sources */ = {isa = PBXBuildFile; fileRef = 7B6927A228594C5200D34CC3 /* SceneDelegate.m */; };
		7B6927A928594C5200D34CC3 /* Main.storyboard in Resources */ = {isa = PBXBuildFile; fileRef = 7B6927A728594C5200D34CC3 /* Main.storyboard */; };
		7B6927AB28594C5300D34CC3 /* Assets.xcassets in Resources */ = {isa = PBXBuildFile; fileRef = 7B6927AA28594C5300D34CC3 /* Assets.xcassets */; };
		7B6927AE28594C5300D34CC3 /* LaunchScreen.storyboard in Resources */ = {isa = PBXBuildFile; fileRef = 7B6927AC28594C5300D34CC3 /* LaunchScreen.storyboard */; };
		7B6927B128594C5300D34CC3 /* main.m in Sources */ = {isa = PBXBuildFile; fileRef = 7B6927B028594C5300D34CC3 /* main.m */; };
		7B6927BB28594C5300D34CC3 /* TipsterTests.m in Sources */ = {isa = PBXBuildFile; fileRef = 7B6927BA28594C5300D34CC3 /* TipsterTests.m */; };
		7B6927C528594C5300D34CC3 /* TipsterUITests.m in Sources */ = {isa = PBXBuildFile; fileRef = 7B6927C428594C5300D34CC3 /* TipsterUITests.m */; };
		7B6927C728594C5300D34CC3 /* TipsterUITestsLaunchTests.m in Sources */ = {isa = PBXBuildFile; fileRef = 7B6927C628594C5300D34CC3 /* TipsterUITestsLaunchTests.m */; };
/* End PBXBuildFile section */

/* Begin PBXContainerItemProxy section */
		7B6927B728594C5300D34CC3 /* PBXContainerItemProxy */ = {
			isa = PBXContainerItemProxy;
			containerPortal = 7B69279328594C5200D34CC3 /* Project object */;
			proxyType = 1;
			remoteGlobalIDString = 7B69279A28594C5200D34CC3;
			remoteInfo = Tipster;
		};
		7B6927C128594C5300D34CC3 /* PBXContainerItemProxy */ = {
			isa = PBXContainerItemProxy;
			containerPortal = 7B69279328594C5200D34CC3 /* Project object */;
			proxyType = 1;
			remoteGlobalIDString = 7B69279A28594C5200D34CC3;
			remoteInfo = Tipster;
		};
/* End PBXContainerItemProxy section */

/* Begin PBXFileReference section */
		7B60C7772859500300DA91F3 /* TipViewController.h */ = {isa = PBXFileReference; lastKnownFileType = sourcecode.c.h; path = TipViewController.h; sourceTree = "<group>"; };
		7B60C7782859500300DA91F3 /* TipViewController.m */ = {isa = PBXFileReference; lastKnownFileType = sourcecode.c.objc; path = TipViewController.m; sourceTree = "<group>"; };
		7B69279B28594C5200D34CC3 /* Tipster.app */ = {isa = PBXFileReference; explicitFileType = wrapper.application; includeInIndex = 0; path = Tipster.app; sourceTree = BUILT_PRODUCTS_DIR; };
		7B69279E28594C5200D34CC3 /* AppDelegate.h */ = {isa = PBXFileReference; lastKnownFileType = sourcecode.c.h; path = AppDelegate.h; sourceTree = "<group>"; };
		7B69279F28594C5200D34CC3 /* AppDelegate.m */ = {isa = PBXFileReference; lastKnownFileType = sourcecode.c.objc; path = AppDelegate.m; sourceTree = "<group>"; };
		7B6927A128594C5200D34CC3 /* SceneDelegate.h */ = {isa = PBXFileReference; lastKnownFileType = sourcecode.c.h; path = SceneDelegate.h; sourceTree = "<group>"; };
		7B6927A228594C5200D34CC3 /* SceneDelegate.m */ = {isa = PBXFileReference; lastKnownFileType = sourcecode.c.objc; path = SceneDelegate.m; sourceTree = "<group>"; };
		7B6927A828594C5200D34CC3 /* Base */ = {isa = PBXFileReference; lastKnownFileType = file.storyboard; name = Base; path = Base.lproj/Main.storyboard; sourceTree = "<group>"; };
		7B6927AA28594C5300D34CC3 /* Assets.xcassets */ = {isa = PBXFileReference; lastKnownFileType = folder.assetcatalog; path = Assets.xcassets; sourceTree = "<group>"; };
		7B6927AD28594C5300D34CC3 /* Base */ = {isa = PBXFileReference; lastKnownFileType = file.storyboard; name = Base; path = Base.lproj/LaunchScreen.storyboard; sourceTree = "<group>"; };
		7B6927AF28594C5300D34CC3 /* Info.plist */ = {isa = PBXFileReference; lastKnownFileType = text.plist.xml; path = Info.plist; sourceTree = "<group>"; };
		7B6927B028594C5300D34CC3 /* main.m */ = {isa = PBXFileReference; lastKnownFileType = sourcecode.c.objc; path = main.m; sourceTree = "<group>"; };
		7B6927B628594C5300D34CC3 /* TipsterTests.xctest */ = {isa = PBXFileReference; explicitFileType = wrapper.cfbundle; includeInIndex = 0; path = TipsterTests.xctest; sourceTree = BUILT_PRODUCTS_DIR; };
		7B6927BA28594C5300D34CC3 /* TipsterTests.m */ = {isa = PBXFileReference; lastKnownFileType = sourcecode.c.objc; path = TipsterTests.m; sourceTree = "<group>"; };
		7B6927C028594C5300D34CC3 /* TipsterUITests.xctest */ = {isa = PBXFileReference; explicitFileType = wrapper.cfbundle; includeInIndex = 0; path = TipsterUITests.xctest; sourceTree = BUILT_PRODUCTS_DIR; };
		7B6927C428594C5300D34CC3 /* TipsterUITests.m */ = {isa = PBXFileReference; lastKnownFileType = sourcecode.c.objc; path = TipsterUITests.m; sourceTree = "<group>"; };
		7B6927C628594C5300D34CC3 /* TipsterUITestsLaunchTests.m */ = {isa = PBXFileReference; lastKnownFileType = sourcecode.c.objc; path = TipsterUITestsLaunchTests.m; sourceTree = "<group>"; };
/* End PBXFileReference section */

/* Begin PBXFrameworksBuildPhase section */
		7B69279828594C5200D34CC3 /* Frameworks */ = {
			isa = PBXFrameworksBuildPhase;
			buildActionMask = 2147483647;
			files = (
			);
			runOnlyForDeploymentPostprocessing = 0;
		};
		7B6927B328594C5300D34CC3 /* Frameworks */ = {
			isa = PBXFrameworksBuildPhase;
			buildActionMask = 2147483647;
			files = (
			);
			runOnlyForDeploymentPostprocessing = 0;
		};
		7B6927BD28594C5300D34CC3 /* Frameworks */ = {
			isa = PBXFrameworksBuildPhase;
			buildActionMask = 2147483647;
			files = (
			);
			runOnlyForDeploymentPostprocessing = 0;
		};
/* End PBXFrameworksBuildPhase section */

/* Begin PBXGroup section */
		7B69279228594C5200D34CC3 = {
			isa = PBXGroup;
			children = (
				7B69279D28594C5200D34CC3 /* Tipster */,
				7B6927B928594C5300D34CC3 /* TipsterTests */,
				7B6927C328594C5300D34CC3 /* TipsterUITests */,
				7B69279C28594C5200D34CC3 /* Products */,
			);
			sourceTree = "<group>";
		};
		7B69279C28594C5200D34CC3 /* Products */ = {
			isa = PBXGroup;
			children = (
				7B69279B28594C5200D34CC3 /* Tipster.app */,
				7B6927B628594C5300D34CC3 /* TipsterTests.xctest */,
				7B6927C028594C5300D34CC3 /* TipsterUITests.xctest */,
			);
			name = Products;
			sourceTree = "<group>";
		};
		7B69279D28594C5200D34CC3 /* Tipster */ = {
			isa = PBXGroup;
			children = (
				7B69279E28594C5200D34CC3 /* AppDelegate.h */,
				7B69279F28594C5200D34CC3 /* AppDelegate.m */,
				7B6927A128594C5200D34CC3 /* SceneDelegate.h */,
				7B6927A228594C5200D34CC3 /* SceneDelegate.m */,
				7B6927A728594C5200D34CC3 /* Main.storyboard */,
				7B60C7772859500300DA91F3 /* TipViewController.h */,
				7B60C7782859500300DA91F3 /* TipViewController.m */,
				7B6927AA28594C5300D34CC3 /* Assets.xcassets */,
				7B6927AC28594C5300D34CC3 /* LaunchScreen.storyboard */,
				7B6927AF28594C5300D34CC3 /* Info.plist */,
				7B6927B028594C5300D34CC3 /* main.m */,
			);
			path = Tipster;
			sourceTree = "<group>";
		};
		7B6927B928594C5300D34CC3 /* TipsterTests */ = {
			isa = PBXGroup;
			children = (
				7B6927BA28594C5300D34CC3 /* TipsterTests.m */,
			);
			path = TipsterTests;
			sourceTree = "<group>";
		};
		7B6927C328594C5300D34CC3 /* TipsterUITests */ = {
			isa = PBXGroup;
			children = (
				7B6927C428594C5300D34CC3 /* TipsterUITests.m */,
				7B6927C628594C5300D34CC3 /* TipsterUITestsLaunchTests.m */,
			);
			path = TipsterUITests;
			sourceTree = "<group>";
		};
/* End PBXGroup section */

/* Begin PBXNativeTarget section */
		7B69279A28594C5200D34CC3 /* Tipster */ = {
			isa = PBXNativeTarget;
			buildConfigurationList = 7B6927CA28594C5300D34CC3 /* Build configuration list for PBXNativeTarget "Tipster" */;
			buildPhases = (
				7B69279728594C5200D34CC3 /* Sources */,
				7B69279828594C5200D34CC3 /* Frameworks */,
				7B69279928594C5200D34CC3 /* Resources */,
			);
			buildRules = (
			);
			dependencies = (
			);
			name = Tipster;
			productName = Tipster;
			productReference = 7B69279B28594C5200D34CC3 /* Tipster.app */;
			productType = "com.apple.product-type.application";
		};
		7B6927B528594C5300D34CC3 /* TipsterTests */ = {
			isa = PBXNativeTarget;
			buildConfigurationList = 7B6927CD28594C5300D34CC3 /* Build configuration list for PBXNativeTarget "TipsterTests" */;
			buildPhases = (
				7B6927B228594C5300D34CC3 /* Sources */,
				7B6927B328594C5300D34CC3 /* Frameworks */,
				7B6927B428594C5300D34CC3 /* Resources */,
			);
			buildRules = (
			);
			dependencies = (
				7B6927B828594C5300D34CC3 /* PBXTargetDependency */,
			);
			name = TipsterTests;
			productName = TipsterTests;
			productReference = 7B6927B628594C5300D34CC3 /* TipsterTests.xctest */;
			productType = "com.apple.product-type.bundle.unit-test";
		};
		7B6927BF28594C5300D34CC3 /* TipsterUITests */ = {
			isa = PBXNativeTarget;
			buildConfigurationList = 7B6927D028594C5300D34CC3 /* Build configuration list for PBXNativeTarget "TipsterUITests" */;
			buildPhases = (
				7B6927BC28594C5300D34CC3 /* Sources */,
				7B6927BD28594C5300D34CC3 /* Frameworks */,
				7B6927BE28594C5300D34CC3 /* Resources */,
			);
			buildRules = (
			);
			dependencies = (
				7B6927C228594C5300D34CC3 /* PBXTargetDependency */,
			);
			name = TipsterUITests;
			productName = TipsterUITests;
			productReference = 7B6927C028594C5300D34CC3 /* TipsterUITests.xctest */;
			productType = "com.apple.product-type.bundle.ui-testing";
		};
/* End PBXNativeTarget section */

/* Begin PBXProject section */
		7B69279328594C5200D34CC3 /* Project object */ = {
			isa = PBXProject;
			attributes = {
				BuildIndependentTargetsInParallel = 1;
				LastUpgradeCheck = 1340;
				TargetAttributes = {
					7B69279A28594C5200D34CC3 = {
						CreatedOnToolsVersion = 13.4;
					};
					7B6927B528594C5300D34CC3 = {
						CreatedOnToolsVersion = 13.4;
						TestTargetID = 7B69279A28594C5200D34CC3;
					};
					7B6927BF28594C5300D34CC3 = {
						CreatedOnToolsVersion = 13.4;
						TestTargetID = 7B69279A28594C5200D34CC3;
					};
				};
			};
			buildConfigurationList = 7B69279628594C5200D34CC3 /* Build configuration list for PBXProject "Tipster" */;
			compatibilityVersion = "Xcode 13.0";
			developmentRegion = en;
			hasScannedForEncodings = 0;
			knownRegions = (
				en,
				Base,
			);
			mainGroup = 7B69279228594C5200D34CC3;
			productRefGroup = 7B69279C28594C5200D34CC3 /* Products */;
			projectDirPath = "";
			projectRoot = "";
			targets = (
				7B69279A28594C5200D34CC3 /* Tipster */,
				7B6927B528594C5300D34CC3 /* TipsterTests */,
				7B6927BF28594C5300D34CC3 /* TipsterUITests */,
			);
		};
/* End PBXProject section */

/* Begin PBXResourcesBuildPhase section */
		7B69279928594C5200D34CC3 /* Resources */ = {
			isa = PBXResourcesBuildPhase;
			buildActionMask = 2147483647;
			files = (
				7B6927AE28594C5300D34CC3 /* LaunchScreen.storyboard in Resources */,
				7B6927AB28594C5300D34CC3 /* Assets.xcassets in Resources */,
				7B6927A928594C5200D34CC3 /* Main.storyboard in Resources */,
			);
			runOnlyForDeploymentPostprocessing = 0;
		};
		7B6927B428594C5300D34CC3 /* Resources */ = {
			isa = PBXResourcesBuildPhase;
			buildActionMask = 2147483647;
			files = (
			);
			runOnlyForDeploymentPostprocessing = 0;
		};
		7B6927BE28594C5300D34CC3 /* Resources */ = {
			isa = PBXResourcesBuildPhase;
			buildActionMask = 2147483647;
			files = (
			);
			runOnlyForDeploymentPostprocessing = 0;
		};
/* End PBXResourcesBuildPhase section */

/* Begin PBXSourcesBuildPhase section */
		7B69279728594C5200D34CC3 /* Sources */ = {
			isa = PBXSourcesBuildPhase;
			buildActionMask = 2147483647;
			files = (
				7B6927A028594C5200D34CC3 /* AppDelegate.m in Sources */,
				7B6927B128594C5300D34CC3 /* main.m in Sources */,
				7B60C7792859500300DA91F3 /* TipViewController.m in Sources */,
				7B6927A328594C5200D34CC3 /* SceneDelegate.m in Sources */,
			);
			runOnlyForDeploymentPostprocessing = 0;
		};
		7B6927B228594C5300D34CC3 /* Sources */ = {
			isa = PBXSourcesBuildPhase;
			buildActionMask = 2147483647;
			files = (
				7B6927BB28594C5300D34CC3 /* TipsterTests.m in Sources */,
			);
			runOnlyForDeploymentPostprocessing = 0;
		};
		7B6927BC28594C5300D34CC3 /* Sources */ = {
			isa = PBXSourcesBuildPhase;
			buildActionMask = 2147483647;
			files = (
				7B6927C728594C5300D34CC3 /* TipsterUITestsLaunchTests.m in Sources */,
				7B6927C528594C5300D34CC3 /* TipsterUITests.m in Sources */,
			);
			runOnlyForDeploymentPostprocessing = 0;
		};
/* End PBXSourcesBuildPhase section */

/* Begin PBXTargetDependency section */
		7B6927B828594C5300D34CC3 /* PBXTargetDependency */ = {
			isa = PBXTargetDependency;
			target = 7B69279A28594C5200D34CC3 /* Tipster */;
			targetProxy = 7B6927B728594C5300D34CC3 /* PBXContainerItemProxy */;
		};
		7B6927C228594C5300D34CC3 /* PBXTargetDependency */ = {
			isa = PBXTargetDependency;
			target = 7B69279A28594C5200D34CC3 /* Tipster */;
			targetProxy = 7B6927C128594C5300D34CC3 /* PBXContainerItemProxy */;
		};
/* End PBXTargetDependency section */

/* Begin PBXVariantGroup section */
		7B6927A728594C5200D34CC3 /* Main.storyboard */ = {
			isa = PBXVariantGroup;
			children = (
				7B6927A828594C5200D34CC3 /* Base */,
			);
			name = Main.storyboard;
			sourceTree = "<group>";
		};
		7B6927AC28594C5300D34CC3 /* LaunchScreen.storyboard */ = {
			isa = PBXVariantGroup;
			children = (
				7B6927AD28594C5300D34CC3 /* Base */,
			);
			name = LaunchScreen.storyboard;
			sourceTree = "<group>";
		};
/* End PBXVariantGroup section */

/* Begin XCBuildConfiguration section */
		7B6927C828594C5300D34CC3 /* Debug */ = {
			isa = XCBuildConfiguration;
			buildSettings = {
				ALWAYS_SEARCH_USER_PATHS = NO;
				CLANG_ANALYZER_NONNULL = YES;
				CLANG_ANALYZER_NUMBER_OBJECT_CONVERSION = YES_AGGRESSIVE;
				CLANG_CXX_LANGUAGE_STANDARD = "gnu++17";
				CLANG_ENABLE_MODULES = YES;
				CLANG_ENABLE_OBJC_ARC = YES;
				CLANG_ENABLE_OBJC_WEAK = YES;
				CLANG_WARN_BLOCK_CAPTURE_AUTORELEASING = YES;
				CLANG_WARN_BOOL_CONVERSION = YES;
				CLANG_WARN_COMMA = YES;
				CLANG_WARN_CONSTANT_CONVERSION = YES;
				CLANG_WARN_DEPRECATED_OBJC_IMPLEMENTATIONS = YES;
				CLANG_WARN_DIRECT_OBJC_ISA_USAGE = YES_ERROR;
				CLANG_WARN_DOCUMENTATION_COMMENTS = YES;
				CLANG_WARN_EMPTY_BODY = YES;
				CLANG_WARN_ENUM_CONVERSION = YES;
				CLANG_WARN_INFINITE_RECURSION = YES;
				CLANG_WARN_INT_CONVERSION = YES;
				CLANG_WARN_NON_LITERAL_NULL_CONVERSION = YES;
				CLANG_WARN_OBJC_IMPLICIT_RETAIN_SELF = YES;
				CLANG_WARN_OBJC_LITERAL_CONVERSION = YES;
				CLANG_WARN_OBJC_ROOT_CLASS = YES_ERROR;
				CLANG_WARN_QUOTED_INCLUDE_IN_FRAMEWORK_HEADER = YES;
				CLANG_WARN_RANGE_LOOP_ANALYSIS = YES;
				CLANG_WARN_STRICT_PROTOTYPES = YES;
				CLANG_WARN_SUSPICIOUS_MOVE = YES;
				CLANG_WARN_UNGUARDED_AVAILABILITY = YES_AGGRESSIVE;
				CLANG_WARN_UNREACHABLE_CODE = YES;
				CLANG_WARN__DUPLICATE_METHOD_MATCH = YES;
				COPY_PHASE_STRIP = NO;
				DEBUG_INFORMATION_FORMAT = dwarf;
				ENABLE_STRICT_OBJC_MSGSEND = YES;
				ENABLE_TESTABILITY = YES;
				GCC_C_LANGUAGE_STANDARD = gnu11;
				GCC_DYNAMIC_NO_PIC = NO;
				GCC_NO_COMMON_BLOCKS = YES;
				GCC_OPTIMIZATION_LEVEL = 0;
				GCC_PREPROCESSOR_DEFINITIONS = (
					"DEBUG=1",
					"$(inherited)",
				);
				GCC_WARN_64_TO_32_BIT_CONVERSION = YES;
				GCC_WARN_ABOUT_RETURN_TYPE = YES_ERROR;
				GCC_WARN_UNDECLARED_SELECTOR = YES;
				GCC_WARN_UNINITIALIZED_AUTOS = YES_AGGRESSIVE;
				GCC_WARN_UNUSED_FUNCTION = YES;
				GCC_WARN_UNUSED_VARIABLE = YES;
				IPHONEOS_DEPLOYMENT_TARGET = 15.5;
				MTL_ENABLE_DEBUG_INFO = INCLUDE_SOURCE;
				MTL_FAST_MATH = YES;
				ONLY_ACTIVE_ARCH = YES;
				SDKROOT = iphoneos;
			};
			name = Debug;
		};
		7B6927C928594C5300D34CC3 /* Release */ = {
			isa = XCBuildConfiguration;
			buildSettings = {
				ALWAYS_SEARCH_USER_PATHS = NO;
				CLANG_ANALYZER_NONNULL = YES;
				CLANG_ANALYZER_NUMBER_OBJECT_CONVERSION = YES_AGGRESSIVE;
				CLANG_CXX_LANGUAGE_STANDARD = "gnu++17";
				CLANG_ENABLE_MODULES = YES;
				CLANG_ENABLE_OBJC_ARC = YES;
				CLANG_ENABLE_OBJC_WEAK = YES;
				CLANG_WARN_BLOCK_CAPTURE_AUTORELEASING = YES;
				CLANG_WARN_BOOL_CONVERSION = YES;
				CLANG_WARN_COMMA = YES;
				CLANG_WARN_CONSTANT_CONVERSION = YES;
				CLANG_WARN_DEPRECATED_OBJC_IMPLEMENTATIONS = YES;
				CLANG_WARN_DIRECT_OBJC_ISA_USAGE = YES_ERROR;
				CLANG_WARN_DOCUMENTATION_COMMENTS = YES;
				CLANG_WARN_EMPTY_BODY = YES;
				CLANG_WARN_ENUM_CONVERSION = YES;
				CLANG_WARN_INFINITE_RECURSION = YES;
				CLANG_WARN_INT_CONVERSION = YES;
				CLANG_WARN_NON_LITERAL_NULL_CONVERSION = YES;
				CLANG_WARN_OBJC_IMPLICIT_RETAIN_SELF = YES;
				CLANG_WARN_OBJC_LITERAL_CONVERSION = YES;
				CLANG_WARN_OBJC_ROOT_CLASS = YES_ERROR;
				CLANG_WARN_QUOTED_INCLUDE_IN_FRAMEWORK_HEADER = YES;
				CLANG_WARN_RANGE_LOOP_ANALYSIS = YES;
				CLANG_WARN_STRICT_PROTOTYPES = YES;
				CLANG_WARN_SUSPICIOUS_MOVE = YES;
				CLANG_WARN_UNGUARDED_AVAILABILITY = YES_AGGRESSIVE;
				CLANG_WARN_UNREACHABLE_CODE = YES;
				CLANG_WARN__DUPLICATE_METHOD_MATCH = YES;
				COPY_PHASE_STRIP = NO;
				DEBUG_INFORMATION_FORMAT = "dwarf-with-dsym";
				ENABLE_NS_ASSERTIONS = NO;
				ENABLE_STRICT_OBJC_MSGSEND = YES;
				GCC_C_LANGUAGE_STANDARD = gnu11;
				GCC_NO_COMMON_BLOCKS = YES;
				GCC_WARN_64_TO_32_BIT_CONVERSION = YES;
				GCC_WARN_ABOUT_RETURN_TYPE = YES_ERROR;
				GCC_WARN_UNDECLARED_SELECTOR = YES;
				GCC_WARN_UNINITIALIZED_AUTOS = YES_AGGRESSIVE;
				GCC_WARN_UNUSED_FUNCTION = YES;
				GCC_WARN_UNUSED_VARIABLE = YES;
				IPHONEOS_DEPLOYMENT_TARGET = 15.5;
				MTL_ENABLE_DEBUG_INFO = NO;
				MTL_FAST_MATH = YES;
				SDKROOT = iphoneos;
				VALIDATE_PRODUCT = YES;
			};
			name = Release;
		};
		7B6927CB28594C5300D34CC3 /* Debug */ = {
			isa = XCBuildConfiguration;
			buildSettings = {
				ASSETCATALOG_COMPILER_APPICON_NAME = AppIcon;
				ASSETCATALOG_COMPILER_GLOBAL_ACCENT_COLOR_NAME = AccentColor;
				CODE_SIGN_STYLE = Automatic;
				CURRENT_PROJECT_VERSION = 1;
				DEVELOPMENT_TEAM = R2C96ZMXAW;
				GENERATE_INFOPLIST_FILE = YES;
				INFOPLIST_FILE = Tipster/Info.plist;
				INFOPLIST_KEY_UIApplicationSupportsIndirectInputEvents = YES;
				INFOPLIST_KEY_UILaunchStoryboardName = LaunchScreen;
				INFOPLIST_KEY_UIMainStoryboardFile = Main;
				INFOPLIST_KEY_UISupportedInterfaceOrientations_iPad = "UIInterfaceOrientationPortrait UIInterfaceOrientationPortraitUpsideDown UIInterfaceOrientationLandscapeLeft UIInterfaceOrientationLandscapeRight";
				INFOPLIST_KEY_UISupportedInterfaceOrientations_iPhone = "UIInterfaceOrientationPortrait UIInterfaceOrientationLandscapeLeft UIInterfaceOrientationLandscapeRight";
				LD_RUNPATH_SEARCH_PATHS = (
					"$(inherited)",
					"@executable_path/Frameworks",
				);
				MARKETING_VERSION = 1.0;
				PRODUCT_BUNDLE_IDENTIFIER = com.shrevin.Tipster;
				PRODUCT_NAME = "$(TARGET_NAME)";
				SWIFT_EMIT_LOC_STRINGS = YES;
				TARGETED_DEVICE_FAMILY = "1,2";
			};
			name = Debug;
		};
		7B6927CC28594C5300D34CC3 /* Release */ = {
			isa = XCBuildConfiguration;
			buildSettings = {
				ASSETCATALOG_COMPILER_APPICON_NAME = AppIcon;
				ASSETCATALOG_COMPILER_GLOBAL_ACCENT_COLOR_NAME = AccentColor;
				CODE_SIGN_STYLE = Automatic;
				CURRENT_PROJECT_VERSION = 1;
				DEVELOPMENT_TEAM = R2C96ZMXAW;
				GENERATE_INFOPLIST_FILE = YES;
				INFOPLIST_FILE = Tipster/Info.plist;
				INFOPLIST_KEY_UIApplicationSupportsIndirectInputEvents = YES;
				INFOPLIST_KEY_UILaunchStoryboardName = LaunchScreen;
				INFOPLIST_KEY_UIMainStoryboardFile = Main;
				INFOPLIST_KEY_UISupportedInterfaceOrientations_iPad = "UIInterfaceOrientationPortrait UIInterfaceOrientationPortraitUpsideDown UIInterfaceOrientationLandscapeLeft UIInterfaceOrientationLandscapeRight";
				INFOPLIST_KEY_UISupportedInterfaceOrientations_iPhone = "UIInterfaceOrientationPortrait UIInterfaceOrientationLandscapeLeft UIInterfaceOrientationLandscapeRight";
				LD_RUNPATH_SEARCH_PATHS = (
					"$(inherited)",
					"@executable_path/Frameworks",
				);
				MARKETING_VERSION = 1.0;
				PRODUCT_BUNDLE_IDENTIFIER = com.shrevin.Tipster;
				PRODUCT_NAME = "$(TARGET_NAME)";
				SWIFT_EMIT_LOC_STRINGS = YES;
				TARGETED_DEVICE_FAMILY = "1,2";
			};
			name = Release;
		};
		7B6927CE28594C5300D34CC3 /* Debug */ = {
			isa = XCBuildConfiguration;
			buildSettings = {
				BUNDLE_LOADER = "$(TEST_HOST)";
				CODE_SIGN_STYLE = Automatic;
				CURRENT_PROJECT_VERSION = 1;
				DEVELOPMENT_TEAM = R2C96ZMXAW;
				GENERATE_INFOPLIST_FILE = YES;
				IPHONEOS_DEPLOYMENT_TARGET = 15.5;
				MARKETING_VERSION = 1.0;
				PRODUCT_BUNDLE_IDENTIFIER = com.shrevin.TipsterTests;
				PRODUCT_NAME = "$(TARGET_NAME)";
				SWIFT_EMIT_LOC_STRINGS = NO;
				TARGETED_DEVICE_FAMILY = "1,2";
				TEST_HOST = "$(BUILT_PRODUCTS_DIR)/Tipster.app/Tipster";
			};
			name = Debug;
		};
		7B6927CF28594C5300D34CC3 /* Release */ = {
			isa = XCBuildConfiguration;
			buildSettings = {
				BUNDLE_LOADER = "$(TEST_HOST)";
				CODE_SIGN_STYLE = Automatic;
				CURRENT_PROJECT_VERSION = 1;
				DEVELOPMENT_TEAM = R2C96ZMXAW;
				GENERATE_INFOPLIST_FILE = YES;
				IPHONEOS_DEPLOYMENT_TARGET = 15.5;
				MARKETING_VERSION = 1.0;
				PRODUCT_BUNDLE_IDENTIFIER = com.shrevin.TipsterTests;
				PRODUCT_NAME = "$(TARGET_NAME)";
				SWIFT_EMIT_LOC_STRINGS = NO;
				TARGETED_DEVICE_FAMILY = "1,2";
				TEST_HOST = "$(BUILT_PRODUCTS_DIR)/Tipster.app/Tipster";
			};
			name = Release;
		};
		7B6927D128594C5300D34CC3 /* Debug */ = {
			isa = XCBuildConfiguration;
			buildSettings = {
				CODE_SIGN_STYLE = Automatic;
				CURRENT_PROJECT_VERSION = 1;
				DEVELOPMENT_TEAM = R2C96ZMXAW;
				GENERATE_INFOPLIST_FILE = YES;
				MARKETING_VERSION = 1.0;
				PRODUCT_BUNDLE_IDENTIFIER = com.shrevin.TipsterUITests;
				PRODUCT_NAME = "$(TARGET_NAME)";
				SWIFT_EMIT_LOC_STRINGS = NO;
				TARGETED_DEVICE_FAMILY = "1,2";
				TEST_TARGET_NAME = Tipster;
			};
			name = Debug;
		};
		7B6927D228594C5300D34CC3 /* Release */ = {
			isa = XCBuildConfiguration;
			buildSettings = {
				CODE_SIGN_STYLE = Automatic;
				CURRENT_PROJECT_VERSION = 1;
				DEVELOPMENT_TEAM = R2C96ZMXAW;
				GENERATE_INFOPLIST_FILE = YES;
				MARKETING_VERSION = 1.0;
				PRODUCT_BUNDLE_IDENTIFIER = com.shrevin.TipsterUITests;
				PRODUCT_NAME = "$(TARGET_NAME)";
				SWIFT_EMIT_LOC_STRINGS = NO;
				TARGETED_DEVICE_FAMILY = "1,2";
				TEST_TARGET_NAME = Tipster;
			};
			name = Release;
		};
/* End XCBuildConfiguration section */

/* Begin XCConfigurationList section */
		7B69279628594C5200D34CC3 /* Build configuration list for PBXProject "Tipster" */ = {
			isa = XCConfigurationList;
			buildConfigurations = (
				7B6927C828594C5300D34CC3 /* Debug */,
				7B6927C928594C5300D34CC3 /* Release */,
			);
			defaultConfigurationIsVisible = 0;
			defaultConfigurationName = Release;
		};
		7B6927CA28594C5300D34CC3 /* Build configuration list for PBXNativeTarget "Tipster" */ = {
			isa = XCConfigurationList;
			buildConfigurations = (
				7B6927CB28594C5300D34CC3 /* Debug */,
				7B6927CC28594C5300D34CC3 /* Release */,
			);
			defaultConfigurationIsVisible = 0;
			defaultConfigurationName = Release;
		};
		7B6927CD28594C5300D34CC3 /* Build configuration list for PBXNativeTarget "TipsterTests" */ = {
			isa = XCConfigurationList;
			buildConfigurations = (
				7B6927CE28594C5300D34CC3 /* Debug */,
				7B6927CF28594C5300D34CC3 /* Release */,
			);
			defaultConfigurationIsVisible = 0;
			defaultConfigurationName = Release;
		};
		7B6927D028594C5300D34CC3 /* Build configuration list for PBXNativeTarget "TipsterUITests" */ = {
			isa = XCConfigurationList;
			buildConfigurations = (
				7B6927D128594C5300D34CC3 /* Debug */,
				7B6927D228594C5300D34CC3 /* Release */,
			);
			defaultConfigurationIsVisible = 0;
			defaultConfigurationName = Release;
		};
/* End XCConfigurationList section */
	};
	rootObject = 7B69279328594C5200D34CC3 /* Project object */;
}
